// !$*UTF8*$!
{
	archiveVersion = 1;
	classes = {
	};
	objectVersion = 77;
	objects = {

/* Begin PBXContainerItemProxy section */
		5AAFE6D72DD018CE00ECBF51 /* PBXContainerItemProxy */ = {
			isa = PBXContainerItemProxy;
			containerPortal = 5AAFE6BE2DD018CA00ECBF51 /* Project object */;
			proxyType = 1;
			remoteGlobalIDString = 5AAFE6C52DD018CA00ECBF51;
			remoteInfo = WesternGPACalc;
		};
		5AAFE6E12DD018CE00ECBF51 /* PBXContainerItemProxy */ = {
			isa = PBXContainerItemProxy;
			containerPortal = 5AAFE6BE2DD018CA00ECBF51 /* Project object */;
			proxyType = 1;
			remoteGlobalIDString = 5AAFE6C52DD018CA00ECBF51;
			remoteInfo = WesternGPACalc;
		};
/* End PBXContainerItemProxy section */

/* Begin PBXFileReference section */
		5AAFE6C62DD018CA00ECBF51 /* WesternGPACalc.app */ = {isa = PBXFileReference; explicitFileType = wrapper.application; includeInIndex = 0; path = WesternGPACalc.app; sourceTree = BUILT_PRODUCTS_DIR; };
		5AAFE6D62DD018CE00ECBF51 /* WesternGPACalcTests.xctest */ = {isa = PBXFileReference; explicitFileType = wrapper.cfbundle; includeInIndex = 0; path = WesternGPACalcTests.xctest; sourceTree = BUILT_PRODUCTS_DIR; };
		5AAFE6E02DD018CE00ECBF51 /* WesternGPACalcUITests.xctest */ = {isa = PBXFileReference; explicitFileType = wrapper.cfbundle; includeInIndex = 0; path = WesternGPACalcUITests.xctest; sourceTree = BUILT_PRODUCTS_DIR; };
/* End PBXFileReference section */

/* Begin PBXFileSystemSynchronizedRootGroup section */
		5AAFE6C82DD018CA00ECBF51 /* WesternGPACalc */ = {
			isa = PBXFileSystemSynchronizedRootGroup;
			path = WesternGPACalc;
			sourceTree = "<group>";
		};
		5AAFE6D92DD018CE00ECBF51 /* WesternGPACalcTests */ = {
			isa = PBXFileSystemSynchronizedRootGroup;
			path = WesternGPACalcTests;
			sourceTree = "<group>";
		};
		5AAFE6E32DD018CE00ECBF51 /* WesternGPACalcUITests */ = {
			isa = PBXFileSystemSynchronizedRootGroup;
			path = WesternGPACalcUITests;
			sourceTree = "<group>";
		};
/* End PBXFileSystemSynchronizedRootGroup section */

/* Begin PBXFrameworksBuildPhase section */
		5AAFE6C32DD018CA00ECBF51 /* Frameworks */ = {
			isa = PBXFrameworksBuildPhase;
			buildActionMask = 2147483647;
			files = (
			);
			runOnlyForDeploymentPostprocessing = 0;
		};
		5AAFE6D32DD018CE00ECBF51 /* Frameworks */ = {
			isa = PBXFrameworksBuildPhase;
			buildActionMask = 2147483647;
			files = (
			);
			runOnlyForDeploymentPostprocessing = 0;
		};
		5AAFE6DD2DD018CE00ECBF51 /* Frameworks */ = {
			isa = PBXFrameworksBuildPhase;
			buildActionMask = 2147483647;
			files = (
			);
			runOnlyForDeploymentPostprocessing = 0;
		};
/* End PBXFrameworksBuildPhase section */

/* Begin PBXGroup section */
		5AAFE6BD2DD018CA00ECBF51 = {
			isa = PBXGroup;
			children = (
				5AAFE6C82DD018CA00ECBF51 /* WesternGPACalc */,
				5AAFE6D92DD018CE00ECBF51 /* WesternGPACalcTests */,
				5AAFE6E32DD018CE00ECBF51 /* WesternGPACalcUITests */,
				5AAFE6C72DD018CA00ECBF51 /* Products */,
			);
			sourceTree = "<group>";
		};
		5AAFE6C72DD018CA00ECBF51 /* Products */ = {
			isa = PBXGroup;
			children = (
				5AAFE6C62DD018CA00ECBF51 /* WesternGPACalc.app */,
				5AAFE6D62DD018CE00ECBF51 /* WesternGPACalcTests.xctest */,
				5AAFE6E02DD018CE00ECBF51 /* WesternGPACalcUITests.xctest */,
			);
			name = Products;
			sourceTree = "<group>";
		};
/* End PBXGroup section */

/* Begin PBXNativeTarget section */
		5AAFE6C52DD018CA00ECBF51 /* WesternGPACalc */ = {
			isa = PBXNativeTarget;
			buildConfigurationList = 5AAFE6EA2DD018CE00ECBF51 /* Build configuration list for PBXNativeTarget "WesternGPACalc" */;
			buildPhases = (
				5AAFE6C22DD018CA00ECBF51 /* Sources */,
				5AAFE6C32DD018CA00ECBF51 /* Frameworks */,
				5AAFE6C42DD018CA00ECBF51 /* Resources */,
			);
			buildRules = (
			);
			dependencies = (
			);
			fileSystemSynchronizedGroups = (
				5AAFE6C82DD018CA00ECBF51 /* WesternGPACalc */,
			);
			name = WesternGPACalc;
			packageProductDependencies = (
			);
			productName = WesternGPACalc;
			productReference = 5AAFE6C62DD018CA00ECBF51 /* WesternGPACalc.app */;
			productType = "com.apple.product-type.application";
		};
		5AAFE6D52DD018CE00ECBF51 /* WesternGPACalcTests */ = {
			isa = PBXNativeTarget;
			buildConfigurationList = 5AAFE6ED2DD018CE00ECBF51 /* Build configuration list for PBXNativeTarget "WesternGPACalcTests" */;
			buildPhases = (
				5AAFE6D22DD018CE00ECBF51 /* Sources */,
				5AAFE6D32DD018CE00ECBF51 /* Frameworks */,
				5AAFE6D42DD018CE00ECBF51 /* Resources */,
			);
			buildRules = (
			);
			dependencies = (
				5AAFE6D82DD018CE00ECBF51 /* PBXTargetDependency */,
			);
			fileSystemSynchronizedGroups = (
				5AAFE6D92DD018CE00ECBF51 /* WesternGPACalcTests */,
			);
			name = WesternGPACalcTests;
			packageProductDependencies = (
			);
			productName = WesternGPACalcTests;
			productReference = 5AAFE6D62DD018CE00ECBF51 /* WesternGPACalcTests.xctest */;
			productType = "com.apple.product-type.bundle.unit-test";
		};
		5AAFE6DF2DD018CE00ECBF51 /* WesternGPACalcUITests */ = {
			isa = PBXNativeTarget;
			buildConfigurationList = 5AAFE6F02DD018CE00ECBF51 /* Build configuration list for PBXNativeTarget "WesternGPACalcUITests" */;
			buildPhases = (
				5AAFE6DC2DD018CE00ECBF51 /* Sources */,
				5AAFE6DD2DD018CE00ECBF51 /* Frameworks */,
				5AAFE6DE2DD018CE00ECBF51 /* Resources */,
			);
			buildRules = (
			);
			dependencies = (
				5AAFE6E22DD018CE00ECBF51 /* PBXTargetDependency */,
			);
			fileSystemSynchronizedGroups = (
				5AAFE6E32DD018CE00ECBF51 /* WesternGPACalcUITests */,
			);
			name = WesternGPACalcUITests;
			packageProductDependencies = (
			);
			productName = WesternGPACalcUITests;
			productReference = 5AAFE6E02DD018CE00ECBF51 /* WesternGPACalcUITests.xctest */;
			productType = "com.apple.product-type.bundle.ui-testing";
		};
/* End PBXNativeTarget section */

/* Begin PBXProject section */
		5AAFE6BE2DD018CA00ECBF51 /* Project object */ = {
			isa = PBXProject;
			attributes = {
				BuildIndependentTargetsInParallel = 1;
				LastSwiftUpdateCheck = 1620;
				LastUpgradeCheck = 1620;
				TargetAttributes = {
					5AAFE6C52DD018CA00ECBF51 = {
						CreatedOnToolsVersion = 16.2;
					};
					5AAFE6D52DD018CE00ECBF51 = {
						CreatedOnToolsVersion = 16.2;
						TestTargetID = 5AAFE6C52DD018CA00ECBF51;
					};
					5AAFE6DF2DD018CE00ECBF51 = {
						CreatedOnToolsVersion = 16.2;
						TestTargetID = 5AAFE6C52DD018CA00ECBF51;
					};
				};
			};
			buildConfigurationList = 5AAFE6C12DD018CA00ECBF51 /* Build configuration list for PBXProject "WesternGPACalc" */;
			developmentRegion = en;
			hasScannedForEncodings = 0;
			knownRegions = (
				en,
				Base,
			);
			mainGroup = 5AAFE6BD2DD018CA00ECBF51;
			minimizedProjectReferenceProxies = 1;
			preferredProjectObjectVersion = 77;
			productRefGroup = 5AAFE6C72DD018CA00ECBF51 /* Products */;
			projectDirPath = "";
			projectRoot = "";
			targets = (
				5AAFE6C52DD018CA00ECBF51 /* WesternGPACalc */,
				5AAFE6D52DD018CE00ECBF51 /* WesternGPACalcTests */,
				5AAFE6DF2DD018CE00ECBF51 /* WesternGPACalcUITests */,
			);
		};
/* End PBXProject section */

/* Begin PBXResourcesBuildPhase section */
		5AAFE6C42DD018CA00ECBF51 /* Resources */ = {
			isa = PBXResourcesBuildPhase;
			buildActionMask = 2147483647;
			files = (
			);
			runOnlyForDeploymentPostprocessing = 0;
		};
		5AAFE6D42DD018CE00ECBF51 /* Resources */ = {
			isa = PBXResourcesBuildPhase;
			buildActionMask = 2147483647;
			files = (
			);
			runOnlyForDeploymentPostprocessing = 0;
		};
		5AAFE6DE2DD018CE00ECBF51 /* Resources */ = {
			isa = PBXResourcesBuildPhase;
			buildActionMask = 2147483647;
			files = (
			);
			runOnlyForDeploymentPostprocessing = 0;
		};
/* End PBXResourcesBuildPhase section */

/* Begin PBXSourcesBuildPhase section */
		5AAFE6C22DD018CA00ECBF51 /* Sources */ = {
			isa = PBXSourcesBuildPhase;
			buildActionMask = 2147483647;
			files = (
			);
			runOnlyForDeploymentPostprocessing = 0;
		};
		5AAFE6D22DD018CE00ECBF51 /* Sources */ = {
			isa = PBXSourcesBuildPhase;
			buildActionMask = 2147483647;
			files = (
			);
			runOnlyForDeploymentPostprocessing = 0;
		};
		5AAFE6DC2DD018CE00ECBF51 /* Sources */ = {
			isa = PBXSourcesBuildPhase;
			buildActionMask = 2147483647;
			files = (
			);
			runOnlyForDeploymentPostprocessing = 0;
		};
/* End PBXSourcesBuildPhase section */

/* Begin PBXTargetDependency section */
		5AAFE6D82DD018CE00ECBF51 /* PBXTargetDependency */ = {
			isa = PBXTargetDependency;
			target = 5AAFE6C52DD018CA00ECBF51 /* WesternGPACalc */;
			targetProxy = 5AAFE6D72DD018CE00ECBF51 /* PBXContainerItemProxy */;
		};
		5AAFE6E22DD018CE00ECBF51 /* PBXTargetDependency */ = {
			isa = PBXTargetDependency;
			target = 5AAFE6C52DD018CA00ECBF51 /* WesternGPACalc */;
			targetProxy = 5AAFE6E12DD018CE00ECBF51 /* PBXContainerItemProxy */;
		};
/* End PBXTargetDependency section */

/* Begin XCBuildConfiguration section */
		5AAFE6E82DD018CE00ECBF51 /* Debug */ = {
			isa = XCBuildConfiguration;
			buildSettings = {
				ALWAYS_SEARCH_USER_PATHS = NO;
				ASSETCATALOG_COMPILER_GENERATE_SWIFT_ASSET_SYMBOL_EXTENSIONS = YES;
				CLANG_ANALYZER_NONNULL = YES;
				CLANG_ANALYZER_NUMBER_OBJECT_CONVERSION = YES_AGGRESSIVE;
				CLANG_CXX_LANGUAGE_STANDARD = "gnu++20";
				CLANG_ENABLE_MODULES = YES;
				CLANG_ENABLE_OBJC_ARC = YES;
				CLANG_ENABLE_OBJC_WEAK = YES;
				CLANG_WARN_BLOCK_CAPTURE_AUTORELEASING = YES;
				CLANG_WARN_BOOL_CONVERSION = YES;
				CLANG_WARN_COMMA = YES;
				CLANG_WARN_CONSTANT_CONVERSION = YES;
				CLANG_WARN_DEPRECATED_OBJC_IMPLEMENTATIONS = YES;
				CLANG_WARN_DIRECT_OBJC_ISA_USAGE = YES_ERROR;
				CLANG_WARN_DOCUMENTATION_COMMENTS = YES;
				CLANG_WARN_EMPTY_BODY = YES;
				CLANG_WARN_ENUM_CONVERSION = YES;
				CLANG_WARN_INFINITE_RECURSION = YES;
				CLANG_WARN_INT_CONVERSION = YES;
				CLANG_WARN_NON_LITERAL_NULL_CONVERSION = YES;
				CLANG_WARN_OBJC_IMPLICIT_RETAIN_SELF = YES;
				CLANG_WARN_OBJC_LITERAL_CONVERSION = YES;
				CLANG_WARN_OBJC_ROOT_CLASS = YES_ERROR;
				CLANG_WARN_QUOTED_INCLUDE_IN_FRAMEWORK_HEADER = YES;
				CLANG_WARN_RANGE_LOOP_ANALYSIS = YES;
				CLANG_WARN_STRICT_PROTOTYPES = YES;
				CLANG_WARN_SUSPICIOUS_MOVE = YES;
				CLANG_WARN_UNGUARDED_AVAILABILITY = YES_AGGRESSIVE;
				CLANG_WARN_UNREACHABLE_CODE = YES;
				CLANG_WARN__DUPLICATE_METHOD_MATCH = YES;
				COPY_PHASE_STRIP = NO;
				DEBUG_INFORMATION_FORMAT = dwarf;
				ENABLE_STRICT_OBJC_MSGSEND = YES;
				ENABLE_TESTABILITY = YES;
				ENABLE_USER_SCRIPT_SANDBOXING = YES;
				GCC_C_LANGUAGE_STANDARD = gnu17;
				GCC_DYNAMIC_NO_PIC = NO;
				GCC_NO_COMMON_BLOCKS = YES;
				GCC_OPTIMIZATION_LEVEL = 0;
				GCC_PREPROCESSOR_DEFINITIONS = (
					"DEBUG=1",
					"$(inherited)",
				);
				GCC_WARN_64_TO_32_BIT_CONVERSION = YES;
				GCC_WARN_ABOUT_RETURN_TYPE = YES_ERROR;
				GCC_WARN_UNDECLARED_SELECTOR = YES;
				GCC_WARN_UNINITIALIZED_AUTOS = YES_AGGRESSIVE;
				GCC_WARN_UNUSED_FUNCTION = YES;
				GCC_WARN_UNUSED_VARIABLE = YES;
				IPHONEOS_DEPLOYMENT_TARGET = 18.2;
				LOCALIZATION_PREFERS_STRING_CATALOGS = YES;
				MTL_ENABLE_DEBUG_INFO = INCLUDE_SOURCE;
				MTL_FAST_MATH = YES;
				ONLY_ACTIVE_ARCH = YES;
				SDKROOT = iphoneos;
				SWIFT_ACTIVE_COMPILATION_CONDITIONS = "DEBUG $(inherited)";
				SWIFT_OPTIMIZATION_LEVEL = "-Onone";
			};
			name = Debug;
		};
		5AAFE6E92DD018CE00ECBF51 /* Release */ = {
			isa = XCBuildConfiguration;
			buildSettings = {
				ALWAYS_SEARCH_USER_PATHS = NO;
				ASSETCATALOG_COMPILER_GENERATE_SWIFT_ASSET_SYMBOL_EXTENSIONS = YES;
				CLANG_ANALYZER_NONNULL = YES;
				CLANG_ANALYZER_NUMBER_OBJECT_CONVERSION = YES_AGGRESSIVE;
				CLANG_CXX_LANGUAGE_STANDARD = "gnu++20";
				CLANG_ENABLE_MODULES = YES;
				CLANG_ENABLE_OBJC_ARC = YES;
				CLANG_ENABLE_OBJC_WEAK = YES;
				CLANG_WARN_BLOCK_CAPTURE_AUTORELEASING = YES;
				CLANG_WARN_BOOL_CONVERSION = YES;
				CLANG_WARN_COMMA = YES;
				CLANG_WARN_CONSTANT_CONVERSION = YES;
				CLANG_WARN_DEPRECATED_OBJC_IMPLEMENTATIONS = YES;
				CLANG_WARN_DIRECT_OBJC_ISA_USAGE = YES_ERROR;
				CLANG_WARN_DOCUMENTATION_COMMENTS = YES;
				CLANG_WARN_EMPTY_BODY = YES;
				CLANG_WARN_ENUM_CONVERSION = YES;
				CLANG_WARN_INFINITE_RECURSION = YES;
				CLANG_WARN_INT_CONVERSION = YES;
				CLANG_WARN_NON_LITERAL_NULL_CONVERSION = YES;
				CLANG_WARN_OBJC_IMPLICIT_RETAIN_SELF = YES;
				CLANG_WARN_OBJC_LITERAL_CONVERSION = YES;
				CLANG_WARN_OBJC_ROOT_CLASS = YES_ERROR;
				CLANG_WARN_QUOTED_INCLUDE_IN_FRAMEWORK_HEADER = YES;
				CLANG_WARN_RANGE_LOOP_ANALYSIS = YES;
				CLANG_WARN_STRICT_PROTOTYPES = YES;
				CLANG_WARN_SUSPICIOUS_MOVE = YES;
				CLANG_WARN_UNGUARDED_AVAILABILITY = YES_AGGRESSIVE;
				CLANG_WARN_UNREACHABLE_CODE = YES;
				CLANG_WARN__DUPLICATE_METHOD_MATCH = YES;
				COPY_PHASE_STRIP = NO;
				DEBUG_INFORMATION_FORMAT = "dwarf-with-dsym";
				ENABLE_NS_ASSERTIONS = NO;
				ENABLE_STRICT_OBJC_MSGSEND = YES;
				ENABLE_USER_SCRIPT_SANDBOXING = YES;
				GCC_C_LANGUAGE_STANDARD = gnu17;
				GCC_NO_COMMON_BLOCKS = YES;
				GCC_WARN_64_TO_32_BIT_CONVERSION = YES;
				GCC_WARN_ABOUT_RETURN_TYPE = YES_ERROR;
				GCC_WARN_UNDECLARED_SELECTOR = YES;
				GCC_WARN_UNINITIALIZED_AUTOS = YES_AGGRESSIVE;
				GCC_WARN_UNUSED_FUNCTION = YES;
				GCC_WARN_UNUSED_VARIABLE = YES;
				IPHONEOS_DEPLOYMENT_TARGET = 18.2;
				LOCALIZATION_PREFERS_STRING_CATALOGS = YES;
				MTL_ENABLE_DEBUG_INFO = NO;
				MTL_FAST_MATH = YES;
				SDKROOT = iphoneos;
				SWIFT_COMPILATION_MODE = wholemodule;
				VALIDATE_PRODUCT = YES;
			};
			name = Release;
		};
		5AAFE6EB2DD018CE00ECBF51 /* Debug */ = {
			isa = XCBuildConfiguration;
			buildSettings = {
				ASSETCATALOG_COMPILER_APPICON_NAME = AppIcon;
				ASSETCATALOG_COMPILER_GLOBAL_ACCENT_COLOR_NAME = AccentColor;
				CODE_SIGN_STYLE = Automatic;
				CURRENT_PROJECT_VERSION = 1;
				DEVELOPMENT_ASSET_PATHS = "\"WesternGPACalc/Preview Content\"";
				ENABLE_PREVIEWS = YES;
				GENERATE_INFOPLIST_FILE = YES;
				INFOPLIST_KEY_UIApplicationSceneManifest_Generation = YES;
				INFOPLIST_KEY_UIApplicationSupportsIndirectInputEvents = YES;
				INFOPLIST_KEY_UILaunchScreen_Generation = YES;
				INFOPLIST_KEY_UISupportedInterfaceOrientations_iPad = "UIInterfaceOrientationPortrait UIInterfaceOrientationPortraitUpsideDown UIInterfaceOrientationLandscapeLeft UIInterfaceOrientationLandscapeRight";
				INFOPLIST_KEY_UISupportedInterfaceOrientations_iPhone = "UIInterfaceOrientationPortrait UIInterfaceOrientationLandscapeLeft UIInterfaceOrientationLandscapeRight";
				LD_RUNPATH_SEARCH_PATHS = (
					"$(inherited)",
					"@executable_path/Frameworks",
				);
				MARKETING_VERSION = 1.0;
				PRODUCT_BUNDLE_IDENTIFIER = tutorial.WesternGPACalc;
				PRODUCT_NAME = "$(TARGET_NAME)";
				SWIFT_EMIT_LOC_STRINGS = YES;
				SWIFT_VERSION = 5.0;
				TARGETED_DEVICE_FAMILY = "1,2";
			};
			name = Debug;
		};
		5AAFE6EC2DD018CE00ECBF51 /* Release */ = {
			isa = XCBuildConfiguration;
			buildSettings = {
				ASSETCATALOG_COMPILER_APPICON_NAME = AppIcon;
				ASSETCATALOG_COMPILER_GLOBAL_ACCENT_COLOR_NAME = AccentColor;
				CODE_SIGN_STYLE = Automatic;
				CURRENT_PROJECT_VERSION = 1;
				DEVELOPMENT_ASSET_PATHS = "\"WesternGPACalc/Preview Content\"";
				ENABLE_PREVIEWS = YES;
				GENERATE_INFOPLIST_FILE = YES;
				INFOPLIST_KEY_UIApplicationSceneManifest_Generation = YES;
				INFOPLIST_KEY_UIApplicationSupportsIndirectInputEvents = YES;
				INFOPLIST_KEY_UILaunchScreen_Generation = YES;
				INFOPLIST_KEY_UISupportedInterfaceOrientations_iPad = "UIInterfaceOrientationPortrait UIInterfaceOrientationPortraitUpsideDown UIInterfaceOrientationLandscapeLeft UIInterfaceOrientationLandscapeRight";
				INFOPLIST_KEY_UISupportedInterfaceOrientations_iPhone = "UIInterfaceOrientationPortrait UIInterfaceOrientationLandscapeLeft UIInterfaceOrientationLandscapeRight";
				LD_RUNPATH_SEARCH_PATHS = (
					"$(inherited)",
					"@executable_path/Frameworks",
				);
				MARKETING_VERSION = 1.0;
				PRODUCT_BUNDLE_IDENTIFIER = tutorial.WesternGPACalc;
				PRODUCT_NAME = "$(TARGET_NAME)";
				SWIFT_EMIT_LOC_STRINGS = YES;
				SWIFT_VERSION = 5.0;
				TARGETED_DEVICE_FAMILY = "1,2";
			};
			name = Release;
		};
		5AAFE6EE2DD018CE00ECBF51 /* Debug */ = {
			isa = XCBuildConfiguration;
			buildSettings = {
				BUNDLE_LOADER = "$(TEST_HOST)";
				CODE_SIGN_STYLE = Automatic;
				CURRENT_PROJECT_VERSION = 1;
				GENERATE_INFOPLIST_FILE = YES;
				IPHONEOS_DEPLOYMENT_TARGET = 18.2;
				MARKETING_VERSION = 1.0;
				PRODUCT_BUNDLE_IDENTIFIER = tutorial.WesternGPACalcTests;
				PRODUCT_NAME = "$(TARGET_NAME)";
				SWIFT_EMIT_LOC_STRINGS = NO;
				SWIFT_VERSION = 5.0;
				TARGETED_DEVICE_FAMILY = "1,2";
				TEST_HOST = "$(BUILT_PRODUCTS_DIR)/WesternGPACalc.app/$(BUNDLE_EXECUTABLE_FOLDER_PATH)/WesternGPACalc";
			};
			name = Debug;
		};
		5AAFE6EF2DD018CE00ECBF51 /* Release */ = {
			isa = XCBuildConfiguration;
			buildSettings = {
				BUNDLE_LOADER = "$(TEST_HOST)";
				CODE_SIGN_STYLE = Automatic;
				CURRENT_PROJECT_VERSION = 1;
				GENERATE_INFOPLIST_FILE = YES;
				IPHONEOS_DEPLOYMENT_TARGET = 18.2;
				MARKETING_VERSION = 1.0;
				PRODUCT_BUNDLE_IDENTIFIER = tutorial.WesternGPACalcTests;
				PRODUCT_NAME = "$(TARGET_NAME)";
				SWIFT_EMIT_LOC_STRINGS = NO;
				SWIFT_VERSION = 5.0;
				TARGETED_DEVICE_FAMILY = "1,2";
				TEST_HOST = "$(BUILT_PRODUCTS_DIR)/WesternGPACalc.app/$(BUNDLE_EXECUTABLE_FOLDER_PATH)/WesternGPACalc";
			};
			name = Release;
		};
		5AAFE6F12DD018CE00ECBF51 /* Debug */ = {
			isa = XCBuildConfiguration;
			buildSettings = {
				CODE_SIGN_STYLE = Automatic;
				CURRENT_PROJECT_VERSION = 1;
				GENERATE_INFOPLIST_FILE = YES;
				MARKETING_VERSION = 1.0;
				PRODUCT_BUNDLE_IDENTIFIER = tutorial.WesternGPACalcUITests;
				PRODUCT_NAME = "$(TARGET_NAME)";
				SWIFT_EMIT_LOC_STRINGS = NO;
				SWIFT_VERSION = 5.0;
				TARGETED_DEVICE_FAMILY = "1,2";
				TEST_TARGET_NAME = WesternGPACalc;
			};
			name = Debug;
		};
		5AAFE6F22DD018CE00ECBF51 /* Release */ = {
			isa = XCBuildConfiguration;
			buildSettings = {
				CODE_SIGN_STYLE = Automatic;
				CURRENT_PROJECT_VERSION = 1;
				GENERATE_INFOPLIST_FILE = YES;
				MARKETING_VERSION = 1.0;
				PRODUCT_BUNDLE_IDENTIFIER = tutorial.WesternGPACalcUITests;
				PRODUCT_NAME = "$(TARGET_NAME)";
				SWIFT_EMIT_LOC_STRINGS = NO;
				SWIFT_VERSION = 5.0;
				TARGETED_DEVICE_FAMILY = "1,2";
				TEST_TARGET_NAME = WesternGPACalc;
			};
			name = Release;
		};
/* End XCBuildConfiguration section */

/* Begin XCConfigurationList section */
		5AAFE6C12DD018CA00ECBF51 /* Build configuration list for PBXProject "WesternGPACalc" */ = {
			isa = XCConfigurationList;
			buildConfigurations = (
				5AAFE6E82DD018CE00ECBF51 /* Debug */,
				5AAFE6E92DD018CE00ECBF51 /* Release */,
			);
			defaultConfigurationIsVisible = 0;
			defaultConfigurationName = Release;
		};
		5AAFE6EA2DD018CE00ECBF51 /* Build configuration list for PBXNativeTarget "WesternGPACalc" */ = {
			isa = XCConfigurationList;
			buildConfigurations = (
				5AAFE6EB2DD018CE00ECBF51 /* Debug */,
				5AAFE6EC2DD018CE00ECBF51 /* Release */,
			);
			defaultConfigurationIsVisible = 0;
			defaultConfigurationName = Release;
		};
		5AAFE6ED2DD018CE00ECBF51 /* Build configuration list for PBXNativeTarget "WesternGPACalcTests" */ = {
			isa = XCConfigurationList;
			buildConfigurations = (
				5AAFE6EE2DD018CE00ECBF51 /* Debug */,
				5AAFE6EF2DD018CE00ECBF51 /* Release */,
			);
			defaultConfigurationIsVisible = 0;
			defaultConfigurationName = Release;
		};
		5AAFE6F02DD018CE00ECBF51 /* Build configuration list for PBXNativeTarget "WesternGPACalcUITests" */ = {
			isa = XCConfigurationList;
			buildConfigurations = (
				5AAFE6F12DD018CE00ECBF51 /* Debug */,
				5AAFE6F22DD018CE00ECBF51 /* Release */,
			);
			defaultConfigurationIsVisible = 0;
			defaultConfigurationName = Release;
		};
/* End XCConfigurationList section */
	};
	rootObject = 5AAFE6BE2DD018CA00ECBF51 /* Project object */;
}
